
Microsoft Visual Studio Solution File, Format Version 12.00
# Visual Studio Version 17
VisualStudioVersion = 17.11.35327.3
MinimumVisualStudioVersion = 10.0.40219.1
Project("{9A19103F-16F7-4668-BE54-9A1E7A4F7556}") = "Portal", "Portal\Portal.csproj", "{DABE904B-88E0-4875-9E78-B647FFA3C0CE}"
EndProject
Project("{E53339B2-1760-4266-BCC7-CA923CBCF16C}") = "docker-compose", "docker-compose.dcproj", "{918CCC93-EFBD-4E67-9426-9732865166B4}"
EndProject
Project("{54A90642-561A-4BB1-A94E-469ADEE60C69}") = "portal.ui", "..\Portal.UI\portal.ui.esproj", "{75D12100-7CFB-47D3-9CF8-AF00217EBADA}"
EndProject
Global
	GlobalSection(SolutionConfigurationPlatforms) = preSolution
		Debug|Any CPU = Debug|Any CPU
		Release|Any CPU = Release|Any CPU
	EndGlobalSection
	GlobalSection(ProjectConfigurationPlatforms) = postSolution
		{DABE904B-88E0-4875-9E78-B647FFA3C0CE}.Debug|Any CPU.ActiveCfg = Debug|Any CPU
		{DABE904B-88E0-4875-9E78-B647FFA3C0CE}.Debug|Any CPU.Build.0 = Debug|Any CPU
		{DABE904B-88E0-4875-9E78-B647FFA3C0CE}.Release|Any CPU.ActiveCfg = Release|Any CPU
		{DABE904B-88E0-4875-9E78-B647FFA3C0CE}.Release|Any CPU.Build.0 = Release|Any CPU
		{918CCC93-EFBD-4E67-9426-9732865166B4}.Debug|Any CPU.ActiveCfg = Debug|Any CPU
		{918CCC93-EFBD-4E67-9426-9732865166B4}.Debug|Any CPU.Build.0 = Debug|Any CPU
		{918CCC93-EFBD-4E67-9426-9732865166B4}.Release|Any CPU.ActiveCfg = Release|Any CPU
		{918CCC93-EFBD-4E67-9426-9732865166B4}.Release|Any CPU.Build.0 = Release|Any CPU
		{75D12100-7CFB-47D3-9CF8-AF00217EBADA}.Debug|Any CPU.ActiveCfg = Debug|Any CPU
		{75D12100-7CFB-47D3-9CF8-AF00217EBADA}.Debug|Any CPU.Build.0 = Debug|Any CPU
		{75D12100-7CFB-47D3-9CF8-AF00217EBADA}.Debug|Any CPU.Deploy.0 = Debug|Any CPU
		{75D12100-7CFB-47D3-9CF8-AF00217EBADA}.Release|Any CPU.ActiveCfg = Release|Any CPU
		{75D12100-7CFB-47D3-9CF8-AF00217EBADA}.Release|Any CPU.Build.0 = Release|Any CPU
		{75D12100-7CFB-47D3-9CF8-AF00217EBADA}.Release|Any CPU.Deploy.0 = Release|Any CPU
	EndGlobalSection
	GlobalSection(SolutionProperties) = preSolution
		HideSolutionNode = FALSE
	EndGlobalSection
	GlobalSection(ExtensibilityGlobals) = postSolution
		SolutionGuid = {D68AA3FE-8AA5-40D1-AA11-0C52594F227D}
	EndGlobalSection
EndGlobal
